{
  "name": "13.6",
  "version": "1.0.0",
  "lockfileVersion": 1,
  "requires": true,
  "dependencies": {
    "colors": {
      "version": "1.2.4",
      "resolved": "https://registry.npmjs.org/colors/-/colors-1.2.4.tgz",
      "integrity": "sha512-6Y+iBnWmXL+AWtlOp2Vr6R2w5MUlNJRwR0ShVFaAb1CqWzhPOpQg4L0jxD+xpw/Nc8QJwaq3KM79QUCriY8CWQ=="
    },
    "stat-mode": {
      "version": "0.2.2",
      "resolved": "https://registry.npmjs.org/stat-mode/-/stat-mode-0.2.2.tgz",
      "integrity": "sha1-5sgLYjEj19gM8TLOU480YokHJQI="
    }
  }
}
